
Microsoft Visual Studio Solution File, Format Version 12.00
# Visual Studio 15
VisualStudioVersion = 15.0.28307.271
MinimumVisualStudioVersion = 10.0.40219.1
Project("{2150E333-8FDC-42A3-9474-1A3956D46DE8}") = "src", "src", "{C03653FD-3D3D-47E9-B4EA-48434A828433}"
EndProject
Project("{2150E333-8FDC-42A3-9474-1A3956D46DE8}") = "tests", "tests", "{74CE881E-AF2E-46B5-A85A-4A0FA7641D48}"
EndProject
Project("{9A19103F-16F7-4668-BE54-9A1E7A4F7556}") = "Case.TorneioDeLutas.DBZ.App", "src\Case.TorneioDeLutas.DBZ.App\Case.TorneioDeLutas.DBZ.App.csproj", "{45C1DC9D-5C41-4016-8D4E-880DC7196B83}"
EndProject
Project("{FAE04EC0-301F-11D3-BF4B-00C04F79EFBC}") = "Case.TorneioDeLutas.DBZ.Test", "tests\Case.TorneioDeLutas.DBZ.Test\Case.TorneioDeLutas.DBZ.Test.csproj", "{3A077CE9-677E-459F-9553-A7FDC148AB91}"
EndProject
Global
	GlobalSection(SolutionConfigurationPlatforms) = preSolution
		Debug|Any CPU = Debug|Any CPU
		Release|Any CPU = Release|Any CPU
	EndGlobalSection
	GlobalSection(ProjectConfigurationPlatforms) = postSolution
		{45C1DC9D-5C41-4016-8D4E-880DC7196B83}.Debug|Any CPU.ActiveCfg = Debug|Any CPU
		{45C1DC9D-5C41-4016-8D4E-880DC7196B83}.Debug|Any CPU.Build.0 = Debug|Any CPU
		{45C1DC9D-5C41-4016-8D4E-880DC7196B83}.Release|Any CPU.ActiveCfg = Release|Any CPU
		{45C1DC9D-5C41-4016-8D4E-880DC7196B83}.Release|Any CPU.Build.0 = Release|Any CPU
		{3A077CE9-677E-459F-9553-A7FDC148AB91}.Debug|Any CPU.ActiveCfg = Debug|Any CPU
		{3A077CE9-677E-459F-9553-A7FDC148AB91}.Debug|Any CPU.Build.0 = Debug|Any CPU
		{3A077CE9-677E-459F-9553-A7FDC148AB91}.Release|Any CPU.ActiveCfg = Release|Any CPU
		{3A077CE9-677E-459F-9553-A7FDC148AB91}.Release|Any CPU.Build.0 = Release|Any CPU
	EndGlobalSection
	GlobalSection(SolutionProperties) = preSolution
		HideSolutionNode = FALSE
	EndGlobalSection
	GlobalSection(NestedProjects) = preSolution
		{45C1DC9D-5C41-4016-8D4E-880DC7196B83} = {C03653FD-3D3D-47E9-B4EA-48434A828433}
		{3A077CE9-677E-459F-9553-A7FDC148AB91} = {74CE881E-AF2E-46B5-A85A-4A0FA7641D48}
	EndGlobalSection
	GlobalSection(ExtensibilityGlobals) = postSolution
		SolutionGuid = {96091B3E-E932-4755-909F-8671D0A2B068}
	EndGlobalSection
EndGlobal
